
Microsoft Visual Studio Solution File, Format Version 11.00
# Visual Studio 2010
Project("{FAE04EC0-301F-11D3-BF4B-00C04F79EFBC}") = "UnityEngine.UI", "UnityEngine.UI.csproj", "{03AC2CA7-AF01-FE34-84B6-7CE92CF47147}"
EndProject
Project("{FAE04EC0-301F-11D3-BF4B-00C04F79EFBC}") = "UnityEngine.TestRunner", "UnityEngine.TestRunner.csproj", "{01B1BFF9-F8EB-01DA-B770-0788E04F46BD}"
EndProject
Project("{FAE04EC0-301F-11D3-BF4B-00C04F79EFBC}") = "Unity.InputSystem", "Unity.InputSystem.csproj", "{67902707-2E49-4DAC-7E08-A40DC440FCD5}"
EndProject
Project("{FAE04EC0-301F-11D3-BF4B-00C04F79EFBC}") = "UnityEngine.UI.Tests", "UnityEngine.UI.Tests.csproj", "{53C94E51-5A1D-1A9E-162F-FBFF3FE5289C}"
EndProject
Project("{FAE04EC0-301F-11D3-BF4B-00C04F79EFBC}") = "Unity.Timeline", "Unity.Timeline.csproj", "{AA71CFAB-420E-E867-0666-4F0F82B56279}"
EndProject
Project("{FAE04EC0-301F-11D3-BF4B-00C04F79EFBC}") = "Cinemachine", "Cinemachine.csproj", "{9E44B14B-2459-0578-8F25-B879A3343454}"
EndProject
Project("{FAE04EC0-301F-11D3-BF4B-00C04F79EFBC}") = "Unity.TextMeshPro", "Unity.TextMeshPro.csproj", "{3375ABF2-BCB5-BC3F-D583-0FE77C66C37C}"
EndProject
Project("{FAE04EC0-301F-11D3-BF4B-00C04F79EFBC}") = "Assembly-CSharp", "Assembly-CSharp.csproj", "{32C3BDE6-E125-3128-82C1-25D0441455A3}"
EndProject
Project("{FAE04EC0-301F-11D3-BF4B-00C04F79EFBC}") = "com.unity.cinemachine.Tests", "com.unity.cinemachine.Tests.csproj", "{28A8D30C-DFFC-D78A-03F0-C1C72E309730}"
EndProject
Project("{FAE04EC0-301F-11D3-BF4B-00C04F79EFBC}") = "Unity.InputSystem.IntegrationTests", "Unity.InputSystem.IntegrationTests.csproj", "{B08725E5-1C4E-6D5B-268C-7FB600BC756E}"
EndProject
Project("{FAE04EC0-301F-11D3-BF4B-00C04F79EFBC}") = "Unity.InputSystem.TestFramework", "Unity.InputSystem.TestFramework.csproj", "{2514A1AC-07D9-AD4C-DF6E-01ACC6FEE6C9}"
EndProject
Project("{FAE04EC0-301F-11D3-BF4B-00C04F79EFBC}") = "Unity.TextMeshPro.Tests", "Unity.TextMeshPro.Tests.csproj", "{2015CB3C-0714-9B6D-7031-74A3618C7ACA}"
EndProject
Project("{FAE04EC0-301F-11D3-BF4B-00C04F79EFBC}") = "Unity.Timeline.Editor", "Unity.Timeline.Editor.csproj", "{9DC54C43-50D1-95EB-BB01-5C3160E083A4}"
EndProject
Project("{FAE04EC0-301F-11D3-BF4B-00C04F79EFBC}") = "UnityEditor.TestRunner", "UnityEditor.TestRunner.csproj", "{A3047590-38BB-CCB1-C01D-C771027F8920}"
EndProject
Project("{FAE04EC0-301F-11D3-BF4B-00C04F79EFBC}") = "Unity.PlasticSCM.Editor", "Unity.PlasticSCM.Editor.csproj", "{D91B6A68-CC51-EEDF-EECD-A582294ED2E9}"
EndProject
Project("{FAE04EC0-301F-11D3-BF4B-00C04F79EFBC}") = "UnityEditor.UI", "UnityEditor.UI.csproj", "{067C016A-9BDF-7DCE-2E59-C851BCB7CD88}"
EndProject
Project("{FAE04EC0-301F-11D3-BF4B-00C04F79EFBC}") = "Unity.Services.Core.Editor", "Unity.Services.Core.Editor.csproj", "{FB85BB1A-75A7-A17B-AB84-2BD94E550D1D}"
EndProject
Project("{FAE04EC0-301F-11D3-BF4B-00C04F79EFBC}") = "Unity.VisualStudio.Editor", "Unity.VisualStudio.Editor.csproj", "{A5250F35-1318-2544-DD4C-5C2FC4147C97}"
EndProject
Project("{FAE04EC0-301F-11D3-BF4B-00C04F79EFBC}") = "com.unity.cinemachine.editor", "com.unity.cinemachine.editor.csproj", "{2A42A239-2F66-AD04-0E50-84DCF0A40EC2}"
EndProject
Project("{FAE04EC0-301F-11D3-BF4B-00C04F79EFBC}") = "Unity.TextMeshPro.Editor", "Unity.TextMeshPro.Editor.csproj", "{AB010756-D918-EA42-906F-0FD15891EDA7}"
EndProject
Project("{FAE04EC0-301F-11D3-BF4B-00C04F79EFBC}") = "Unity.CollabProxy.Editor", "Unity.CollabProxy.Editor.csproj", "{167C60AB-AB6D-7EED-BEB2-EFA64D7C53B6}"
EndProject
Project("{FAE04EC0-301F-11D3-BF4B-00C04F79EFBC}") = "DocCodeExamples", "DocCodeExamples.csproj", "{05FB5947-C63D-0624-58EF-8113154281F8}"
EndProject
Project("{FAE04EC0-301F-11D3-BF4B-00C04F79EFBC}") = "Unity.PlasticSCM.EditorTests", "Unity.PlasticSCM.EditorTests.csproj", "{4AA5CA0F-5A89-68AC-A60D-505797330320}"
EndProject
Project("{FAE04EC0-301F-11D3-BF4B-00C04F79EFBC}") = "Unity.Rider.Editor", "Unity.Rider.Editor.csproj", "{9B168589-3356-01B5-B9F7-335C1615CD9E}"
EndProject
Project("{FAE04EC0-301F-11D3-BF4B-00C04F79EFBC}") = "UnityEditor.UI.EditorTests", "UnityEditor.UI.EditorTests.csproj", "{7A851022-3D5B-42C3-FAA9-BB3B29335510}"
EndProject
Project("{FAE04EC0-301F-11D3-BF4B-00C04F79EFBC}") = "Unity.CollabProxy.EditorTests", "Unity.CollabProxy.EditorTests.csproj", "{F38AFB27-2C82-B797-1F1B-5D8D6ED9E64B}"
EndProject
Project("{FAE04EC0-301F-11D3-BF4B-00C04F79EFBC}") = "Unity.SysrootPackage.Editor", "Unity.SysrootPackage.Editor.csproj", "{C8DB3CD1-A690-F34F-EC27-BDF7923D17D2}"
EndProject
Project("{FAE04EC0-301F-11D3-BF4B-00C04F79EFBC}") = "Unity.Toolchain.Win-x86_64-Linux-x86_64", "Unity.Toolchain.Win-x86_64-Linux-x86_64.csproj", "{58B7DE94-1B6E-C3B5-4F56-0132F6D0C629}"
EndProject
Project("{FAE04EC0-301F-11D3-BF4B-00C04F79EFBC}") = "Unity.VSCode.Editor", "Unity.VSCode.Editor.csproj", "{86D4755F-5CEC-9BB4-CFF1-41DB8CAD4A63}"
EndProject
Project("{FAE04EC0-301F-11D3-BF4B-00C04F79EFBC}") = "Unity.Sysroot.EditorTests", "Unity.Sysroot.EditorTests.csproj", "{657F4804-0673-3CBA-88A8-08C571D2F58F}"
EndProject
Project("{FAE04EC0-301F-11D3-BF4B-00C04F79EFBC}") = "Assembly-CSharp-Editor", "Assembly-CSharp-Editor.csproj", "{E8A91009-7186-A382-4FE4-3C21BA335F00}"
EndProject
Project("{FAE04EC0-301F-11D3-BF4B-00C04F79EFBC}") = "Unity.Sysroot.Linux_x86_64.EditorTests", "Unity.Sysroot.Linux_x86_64.EditorTests.csproj", "{8A3A1689-3DCA-3A76-79B2-674CA5AE55C1}"
EndProject
Project("{FAE04EC0-301F-11D3-BF4B-00C04F79EFBC}") = "com.unity.cinemachine.EditorTests", "com.unity.cinemachine.EditorTests.csproj", "{47C66B3A-97D7-E65F-EB9A-0BA17476A54F}"
EndProject
Project("{FAE04EC0-301F-11D3-BF4B-00C04F79EFBC}") = "Unity.Toolchain.Win-x86_64-Linux-x86_64.EditorTests", "Unity.Toolchain.Win-x86_64-Linux-x86_64.EditorTests.csproj", "{DF2D50AD-26E4-9695-D11E-3AD5A3287E6A}"
EndProject
Project("{FAE04EC0-301F-11D3-BF4B-00C04F79EFBC}") = "Unity.Sysroot.Linux_x86_64", "Unity.Sysroot.Linux_x86_64.csproj", "{DA459D7A-5052-0999-6B04-B8F269353979}"
EndProject
Project("{FAE04EC0-301F-11D3-BF4B-00C04F79EFBC}") = "Unity.Nuget.NewtonsoftJson.EditorTests", "Unity.Nuget.NewtonsoftJson.EditorTests.csproj", "{7DEA10D3-129B-358C-53DC-F3DDC01BEDD3}"
EndProject
Project("{FAE04EC0-301F-11D3-BF4B-00C04F79EFBC}") = "Unity.TextMeshPro.Editor.Tests", "Unity.TextMeshPro.Editor.Tests.csproj", "{8D9C13FF-FD92-73C0-09A2-AFE2B0207977}"
EndProject
Global
	GlobalSection(SolutionConfigurationPlatforms) = preSolution
		Debug|Any CPU = Debug|Any CPU
		Release|Any CPU = Release|Any CPU
	EndGlobalSection
	GlobalSection(ProjectConfigurationPlatforms) = postSolution
		{03AC2CA7-AF01-FE34-84B6-7CE92CF47147}.Debug|Any CPU.ActiveCfg = Debug|Any CPU
		{03AC2CA7-AF01-FE34-84B6-7CE92CF47147}.Debug|Any CPU.Build.0 = Debug|Any CPU
		{03AC2CA7-AF01-FE34-84B6-7CE92CF47147}.Release|Any CPU.ActiveCfg = Release|Any CPU
		{03AC2CA7-AF01-FE34-84B6-7CE92CF47147}.Release|Any CPU.Build.0 = Release|Any CPU
		{01B1BFF9-F8EB-01DA-B770-0788E04F46BD}.Debug|Any CPU.ActiveCfg = Debug|Any CPU
		{01B1BFF9-F8EB-01DA-B770-0788E04F46BD}.Debug|Any CPU.Build.0 = Debug|Any CPU
		{01B1BFF9-F8EB-01DA-B770-0788E04F46BD}.Release|Any CPU.ActiveCfg = Release|Any CPU
		{01B1BFF9-F8EB-01DA-B770-0788E04F46BD}.Release|Any CPU.Build.0 = Release|Any CPU
		{67902707-2E49-4DAC-7E08-A40DC440FCD5}.Debug|Any CPU.ActiveCfg = Debug|Any CPU
		{67902707-2E49-4DAC-7E08-A40DC440FCD5}.Debug|Any CPU.Build.0 = Debug|Any CPU
		{67902707-2E49-4DAC-7E08-A40DC440FCD5}.Release|Any CPU.ActiveCfg = Release|Any CPU
		{67902707-2E49-4DAC-7E08-A40DC440FCD5}.Release|Any CPU.Build.0 = Release|Any CPU
		{53C94E51-5A1D-1A9E-162F-FBFF3FE5289C}.Debug|Any CPU.ActiveCfg = Debug|Any CPU
		{53C94E51-5A1D-1A9E-162F-FBFF3FE5289C}.Debug|Any CPU.Build.0 = Debug|Any CPU
		{53C94E51-5A1D-1A9E-162F-FBFF3FE5289C}.Release|Any CPU.ActiveCfg = Release|Any CPU
		{53C94E51-5A1D-1A9E-162F-FBFF3FE5289C}.Release|Any CPU.Build.0 = Release|Any CPU
		{AA71CFAB-420E-E867-0666-4F0F82B56279}.Debug|Any CPU.ActiveCfg = Debug|Any CPU
		{AA71CFAB-420E-E867-0666-4F0F82B56279}.Debug|Any CPU.Build.0 = Debug|Any CPU
		{AA71CFAB-420E-E867-0666-4F0F82B56279}.Release|Any CPU.ActiveCfg = Release|Any CPU
		{AA71CFAB-420E-E867-0666-4F0F82B56279}.Release|Any CPU.Build.0 = Release|Any CPU
		{9E44B14B-2459-0578-8F25-B879A3343454}.Debug|Any CPU.ActiveCfg = Debug|Any CPU
		{9E44B14B-2459-0578-8F25-B879A3343454}.Debug|Any CPU.Build.0 = Debug|Any CPU
		{9E44B14B-2459-0578-8F25-B879A3343454}.Release|Any CPU.ActiveCfg = Release|Any CPU
		{9E44B14B-2459-0578-8F25-B879A3343454}.Release|Any CPU.Build.0 = Release|Any CPU
		{3375ABF2-BCB5-BC3F-D583-0FE77C66C37C}.Debug|Any CPU.ActiveCfg = Debug|Any CPU
		{3375ABF2-BCB5-BC3F-D583-0FE77C66C37C}.Debug|Any CPU.Build.0 = Debug|Any CPU
		{3375ABF2-BCB5-BC3F-D583-0FE77C66C37C}.Release|Any CPU.ActiveCfg = Release|Any CPU
		{3375ABF2-BCB5-BC3F-D583-0FE77C66C37C}.Release|Any CPU.Build.0 = Release|Any CPU
		{32C3BDE6-E125-3128-82C1-25D0441455A3}.Debug|Any CPU.ActiveCfg = Debug|Any CPU
		{32C3BDE6-E125-3128-82C1-25D0441455A3}.Debug|Any CPU.Build.0 = Debug|Any CPU
		{32C3BDE6-E125-3128-82C1-25D0441455A3}.Release|Any CPU.ActiveCfg = Release|Any CPU
		{32C3BDE6-E125-3128-82C1-25D0441455A3}.Release|Any CPU.Build.0 = Release|Any CPU
		{28A8D30C-DFFC-D78A-03F0-C1C72E309730}.Debug|Any CPU.ActiveCfg = Debug|Any CPU
		{28A8D30C-DFFC-D78A-03F0-C1C72E309730}.Debug|Any CPU.Build.0 = Debug|Any CPU
		{28A8D30C-DFFC-D78A-03F0-C1C72E309730}.Release|Any CPU.ActiveCfg = Release|Any CPU
		{28A8D30C-DFFC-D78A-03F0-C1C72E309730}.Release|Any CPU.Build.0 = Release|Any CPU
		{B08725E5-1C4E-6D5B-268C-7FB600BC756E}.Debug|Any CPU.ActiveCfg = Debug|Any CPU
		{B08725E5-1C4E-6D5B-268C-7FB600BC756E}.Debug|Any CPU.Build.0 = Debug|Any CPU
		{B08725E5-1C4E-6D5B-268C-7FB600BC756E}.Release|Any CPU.ActiveCfg = Release|Any CPU
		{B08725E5-1C4E-6D5B-268C-7FB600BC756E}.Release|Any CPU.Build.0 = Release|Any CPU
		{2514A1AC-07D9-AD4C-DF6E-01ACC6FEE6C9}.Debug|Any CPU.ActiveCfg = Debug|Any CPU
		{2514A1AC-07D9-AD4C-DF6E-01ACC6FEE6C9}.Debug|Any CPU.Build.0 = Debug|Any CPU
		{2514A1AC-07D9-AD4C-DF6E-01ACC6FEE6C9}.Release|Any CPU.ActiveCfg = Release|Any CPU
		{2514A1AC-07D9-AD4C-DF6E-01ACC6FEE6C9}.Release|Any CPU.Build.0 = Release|Any CPU
		{2015CB3C-0714-9B6D-7031-74A3618C7ACA}.Debug|Any CPU.ActiveCfg = Debug|Any CPU
		{2015CB3C-0714-9B6D-7031-74A3618C7ACA}.Debug|Any CPU.Build.0 = Debug|Any CPU
		{2015CB3C-0714-9B6D-7031-74A3618C7ACA}.Release|Any CPU.ActiveCfg = Release|Any CPU
		{2015CB3C-0714-9B6D-7031-74A3618C7ACA}.Release|Any CPU.Build.0 = Release|Any CPU
		{9DC54C43-50D1-95EB-BB01-5C3160E083A4}.Debug|Any CPU.ActiveCfg = Debug|Any CPU
		{9DC54C43-50D1-95EB-BB01-5C3160E083A4}.Debug|Any CPU.Build.0 = Debug|Any CPU
		{9DC54C43-50D1-95EB-BB01-5C3160E083A4}.Release|Any CPU.ActiveCfg = Release|Any CPU
		{9DC54C43-50D1-95EB-BB01-5C3160E083A4}.Release|Any CPU.Build.0 = Release|Any CPU
		{A3047590-38BB-CCB1-C01D-C771027F8920}.Debug|Any CPU.ActiveCfg = Debug|Any CPU
		{A3047590-38BB-CCB1-C01D-C771027F8920}.Debug|Any CPU.Build.0 = Debug|Any CPU
		{A3047590-38BB-CCB1-C01D-C771027F8920}.Release|Any CPU.ActiveCfg = Release|Any CPU
		{A3047590-38BB-CCB1-C01D-C771027F8920}.Release|Any CPU.Build.0 = Release|Any CPU
		{D91B6A68-CC51-EEDF-EECD-A582294ED2E9}.Debug|Any CPU.ActiveCfg = Debug|Any CPU
		{D91B6A68-CC51-EEDF-EECD-A582294ED2E9}.Debug|Any CPU.Build.0 = Debug|Any CPU
		{D91B6A68-CC51-EEDF-EECD-A582294ED2E9}.Release|Any CPU.ActiveCfg = Release|Any CPU
		{D91B6A68-CC51-EEDF-EECD-A582294ED2E9}.Release|Any CPU.Build.0 = Release|Any CPU
		{067C016A-9BDF-7DCE-2E59-C851BCB7CD88}.Debug|Any CPU.ActiveCfg = Debug|Any CPU
		{067C016A-9BDF-7DCE-2E59-C851BCB7CD88}.Debug|Any CPU.Build.0 = Debug|Any CPU
		{067C016A-9BDF-7DCE-2E59-C851BCB7CD88}.Release|Any CPU.ActiveCfg = Release|Any CPU
		{067C016A-9BDF-7DCE-2E59-C851BCB7CD88}.Release|Any CPU.Build.0 = Release|Any CPU
		{FB85BB1A-75A7-A17B-AB84-2BD94E550D1D}.Debug|Any CPU.ActiveCfg = Debug|Any CPU
		{FB85BB1A-75A7-A17B-AB84-2BD94E550D1D}.Debug|Any CPU.Build.0 = Debug|Any CPU
		{FB85BB1A-75A7-A17B-AB84-2BD94E550D1D}.Release|Any CPU.ActiveCfg = Release|Any CPU
		{FB85BB1A-75A7-A17B-AB84-2BD94E550D1D}.Release|Any CPU.Build.0 = Release|Any CPU
		{A5250F35-1318-2544-DD4C-5C2FC4147C97}.Debug|Any CPU.ActiveCfg = Debug|Any CPU
		{A5250F35-1318-2544-DD4C-5C2FC4147C97}.Debug|Any CPU.Build.0 = Debug|Any CPU
		{A5250F35-1318-2544-DD4C-5C2FC4147C97}.Release|Any CPU.ActiveCfg = Release|Any CPU
		{A5250F35-1318-2544-DD4C-5C2FC4147C97}.Release|Any CPU.Build.0 = Release|Any CPU
		{2A42A239-2F66-AD04-0E50-84DCF0A40EC2}.Debug|Any CPU.ActiveCfg = Debug|Any CPU
		{2A42A239-2F66-AD04-0E50-84DCF0A40EC2}.Debug|Any CPU.Build.0 = Debug|Any CPU
		{2A42A239-2F66-AD04-0E50-84DCF0A40EC2}.Release|Any CPU.ActiveCfg = Release|Any CPU
		{2A42A239-2F66-AD04-0E50-84DCF0A40EC2}.Release|Any CPU.Build.0 = Release|Any CPU
		{AB010756-D918-EA42-906F-0FD15891EDA7}.Debug|Any CPU.ActiveCfg = Debug|Any CPU
		{AB010756-D918-EA42-906F-0FD15891EDA7}.Debug|Any CPU.Build.0 = Debug|Any CPU
		{AB010756-D918-EA42-906F-0FD15891EDA7}.Release|Any CPU.ActiveCfg = Release|Any CPU
		{AB010756-D918-EA42-906F-0FD15891EDA7}.Release|Any CPU.Build.0 = Release|Any CPU
		{167C60AB-AB6D-7EED-BEB2-EFA64D7C53B6}.Debug|Any CPU.ActiveCfg = Debug|Any CPU
		{167C60AB-AB6D-7EED-BEB2-EFA64D7C53B6}.Debug|Any CPU.Build.0 = Debug|Any CPU
		{167C60AB-AB6D-7EED-BEB2-EFA64D7C53B6}.Release|Any CPU.ActiveCfg = Release|Any CPU
		{167C60AB-AB6D-7EED-BEB2-EFA64D7C53B6}.Release|Any CPU.Build.0 = Release|Any CPU
		{05FB5947-C63D-0624-58EF-8113154281F8}.Debug|Any CPU.ActiveCfg = Debug|Any CPU
		{05FB5947-C63D-0624-58EF-8113154281F8}.Debug|Any CPU.Build.0 = Debug|Any CPU
		{05FB5947-C63D-0624-58EF-8113154281F8}.Release|Any CPU.ActiveCfg = Release|Any CPU
		{05FB5947-C63D-0624-58EF-8113154281F8}.Release|Any CPU.Build.0 = Release|Any CPU
		{4AA5CA0F-5A89-68AC-A60D-505797330320}.Debug|Any CPU.ActiveCfg = Debug|Any CPU
		{4AA5CA0F-5A89-68AC-A60D-505797330320}.Debug|Any CPU.Build.0 = Debug|Any CPU
		{4AA5CA0F-5A89-68AC-A60D-505797330320}.Release|Any CPU.ActiveCfg = Release|Any CPU
		{4AA5CA0F-5A89-68AC-A60D-505797330320}.Release|Any CPU.Build.0 = Release|Any CPU
		{9B168589-3356-01B5-B9F7-335C1615CD9E}.Debug|Any CPU.ActiveCfg = Debug|Any CPU
		{9B168589-3356-01B5-B9F7-335C1615CD9E}.Debug|Any CPU.Build.0 = Debug|Any CPU
		{9B168589-3356-01B5-B9F7-335C1615CD9E}.Release|Any CPU.ActiveCfg = Release|Any CPU
		{9B168589-3356-01B5-B9F7-335C1615CD9E}.Release|Any CPU.Build.0 = Release|Any CPU
		{7A851022-3D5B-42C3-FAA9-BB3B29335510}.Debug|Any CPU.ActiveCfg = Debug|Any CPU
		{7A851022-3D5B-42C3-FAA9-BB3B29335510}.Debug|Any CPU.Build.0 = Debug|Any CPU
		{7A851022-3D5B-42C3-FAA9-BB3B29335510}.Release|Any CPU.ActiveCfg = Release|Any CPU
		{7A851022-3D5B-42C3-FAA9-BB3B29335510}.Release|Any CPU.Build.0 = Release|Any CPU
		{F38AFB27-2C82-B797-1F1B-5D8D6ED9E64B}.Debug|Any CPU.ActiveCfg = Debug|Any CPU
		{F38AFB27-2C82-B797-1F1B-5D8D6ED9E64B}.Debug|Any CPU.Build.0 = Debug|Any CPU
		{F38AFB27-2C82-B797-1F1B-5D8D6ED9E64B}.Release|Any CPU.ActiveCfg = Release|Any CPU
		{F38AFB27-2C82-B797-1F1B-5D8D6ED9E64B}.Release|Any CPU.Build.0 = Release|Any CPU
		{C8DB3CD1-A690-F34F-EC27-BDF7923D17D2}.Debug|Any CPU.ActiveCfg = Debug|Any CPU
		{C8DB3CD1-A690-F34F-EC27-BDF7923D17D2}.Debug|Any CPU.Build.0 = Debug|Any CPU
		{C8DB3CD1-A690-F34F-EC27-BDF7923D17D2}.Release|Any CPU.ActiveCfg = Release|Any CPU
		{C8DB3CD1-A690-F34F-EC27-BDF7923D17D2}.Release|Any CPU.Build.0 = Release|Any CPU
		{58B7DE94-1B6E-C3B5-4F56-0132F6D0C629}.Debug|Any CPU.ActiveCfg = Debug|Any CPU
		{58B7DE94-1B6E-C3B5-4F56-0132F6D0C629}.Debug|Any CPU.Build.0 = Debug|Any CPU
		{58B7DE94-1B6E-C3B5-4F56-0132F6D0C629}.Release|Any CPU.ActiveCfg = Release|Any CPU
		{58B7DE94-1B6E-C3B5-4F56-0132F6D0C629}.Release|Any CPU.Build.0 = Release|Any CPU
		{86D4755F-5CEC-9BB4-CFF1-41DB8CAD4A63}.Debug|Any CPU.ActiveCfg = Debug|Any CPU
		{86D4755F-5CEC-9BB4-CFF1-41DB8CAD4A63}.Debug|Any CPU.Build.0 = Debug|Any CPU
		{86D4755F-5CEC-9BB4-CFF1-41DB8CAD4A63}.Release|Any CPU.ActiveCfg = Release|Any CPU
		{86D4755F-5CEC-9BB4-CFF1-41DB8CAD4A63}.Release|Any CPU.Build.0 = Release|Any CPU
		{657F4804-0673-3CBA-88A8-08C571D2F58F}.Debug|Any CPU.ActiveCfg = Debug|Any CPU
		{657F4804-0673-3CBA-88A8-08C571D2F58F}.Debug|Any CPU.Build.0 = Debug|Any CPU
		{657F4804-0673-3CBA-88A8-08C571D2F58F}.Release|Any CPU.ActiveCfg = Release|Any CPU
		{657F4804-0673-3CBA-88A8-08C571D2F58F}.Release|Any CPU.Build.0 = Release|Any CPU
		{E8A91009-7186-A382-4FE4-3C21BA335F00}.Debug|Any CPU.ActiveCfg = Debug|Any CPU
		{E8A91009-7186-A382-4FE4-3C21BA335F00}.Debug|Any CPU.Build.0 = Debug|Any CPU
		{E8A91009-7186-A382-4FE4-3C21BA335F00}.Release|Any CPU.ActiveCfg = Release|Any CPU
		{E8A91009-7186-A382-4FE4-3C21BA335F00}.Release|Any CPU.Build.0 = Release|Any CPU
		{8A3A1689-3DCA-3A76-79B2-674CA5AE55C1}.Debug|Any CPU.ActiveCfg = Debug|Any CPU
		{8A3A1689-3DCA-3A76-79B2-674CA5AE55C1}.Debug|Any CPU.Build.0 = Debug|Any CPU
		{8A3A1689-3DCA-3A76-79B2-674CA5AE55C1}.Release|Any CPU.ActiveCfg = Release|Any CPU
		{8A3A1689-3DCA-3A76-79B2-674CA5AE55C1}.Release|Any CPU.Build.0 = Release|Any CPU
		{47C66B3A-97D7-E65F-EB9A-0BA17476A54F}.Debug|Any CPU.ActiveCfg = Debug|Any CPU
		{47C66B3A-97D7-E65F-EB9A-0BA17476A54F}.Debug|Any CPU.Build.0 = Debug|Any CPU
		{47C66B3A-97D7-E65F-EB9A-0BA17476A54F}.Release|Any CPU.ActiveCfg = Release|Any CPU
		{47C66B3A-97D7-E65F-EB9A-0BA17476A54F}.Release|Any CPU.Build.0 = Release|Any CPU
		{DF2D50AD-26E4-9695-D11E-3AD5A3287E6A}.Debug|Any CPU.ActiveCfg = Debug|Any CPU
		{DF2D50AD-26E4-9695-D11E-3AD5A3287E6A}.Debug|Any CPU.Build.0 = Debug|Any CPU
		{DF2D50AD-26E4-9695-D11E-3AD5A3287E6A}.Release|Any CPU.ActiveCfg = Release|Any CPU
		{DF2D50AD-26E4-9695-D11E-3AD5A3287E6A}.Release|Any CPU.Build.0 = Release|Any CPU
		{DA459D7A-5052-0999-6B04-B8F269353979}.Debug|Any CPU.ActiveCfg = Debug|Any CPU
		{DA459D7A-5052-0999-6B04-B8F269353979}.Debug|Any CPU.Build.0 = Debug|Any CPU
		{DA459D7A-5052-0999-6B04-B8F269353979}.Release|Any CPU.ActiveCfg = Release|Any CPU
		{DA459D7A-5052-0999-6B04-B8F269353979}.Release|Any CPU.Build.0 = Release|Any CPU
		{7DEA10D3-129B-358C-53DC-F3DDC01BEDD3}.Debug|Any CPU.ActiveCfg = Debug|Any CPU
		{7DEA10D3-129B-358C-53DC-F3DDC01BEDD3}.Debug|Any CPU.Build.0 = Debug|Any CPU
		{7DEA10D3-129B-358C-53DC-F3DDC01BEDD3}.Release|Any CPU.ActiveCfg = Release|Any CPU
		{7DEA10D3-129B-358C-53DC-F3DDC01BEDD3}.Release|Any CPU.Build.0 = Release|Any CPU
		{8D9C13FF-FD92-73C0-09A2-AFE2B0207977}.Debug|Any CPU.ActiveCfg = Debug|Any CPU
		{8D9C13FF-FD92-73C0-09A2-AFE2B0207977}.Debug|Any CPU.Build.0 = Debug|Any CPU
		{8D9C13FF-FD92-73C0-09A2-AFE2B0207977}.Release|Any CPU.ActiveCfg = Release|Any CPU
		{8D9C13FF-FD92-73C0-09A2-AFE2B0207977}.Release|Any CPU.Build.0 = Release|Any CPU
	EndGlobalSection
	GlobalSection(SolutionProperties) = preSolution
		HideSolutionNode = FALSE
	EndGlobalSection
EndGlobal
